
Microsoft Visual Studio Solution File, Format Version 12.00
# Visual Studio 15
VisualStudioVersion = 15.0.28010.2003
MinimumVisualStudioVersion = 10.0.40219.1
Project("{FAE04EC0-301F-11D3-BF4B-00C04F79EFBC}") = "testeConsole", "testeConsole\testeConsole.csproj", "{DC63CDF1-1BE8-43E5-9A37-FCAB77E1F8FA}"
EndProject
Global
	GlobalSection(SolutionConfigurationPlatforms) = preSolution
		Debug|Any CPU = Debug|Any CPU
		Release|Any CPU = Release|Any CPU
	EndGlobalSection
	GlobalSection(ProjectConfigurationPlatforms) = postSolution
		{DC63CDF1-1BE8-43E5-9A37-FCAB77E1F8FA}.Debug|Any CPU.ActiveCfg = Debug|Any CPU
		{DC63CDF1-1BE8-43E5-9A37-FCAB77E1F8FA}.Debug|Any CPU.Build.0 = Debug|Any CPU
		{DC63CDF1-1BE8-43E5-9A37-FCAB77E1F8FA}.Release|Any CPU.ActiveCfg = Release|Any CPU
		{DC63CDF1-1BE8-43E5-9A37-FCAB77E1F8FA}.Release|Any CPU.Build.0 = Release|Any CPU
	EndGlobalSection
	GlobalSection(SolutionProperties) = preSolution
		HideSolutionNode = FALSE
	EndGlobalSection
	GlobalSection(ExtensibilityGlobals) = postSolution
		SolutionGuid = {228DBEC2-913D-48FE-9EFA-EF690DA7141F}
	EndGlobalSection
EndGlobal
